# THIS IS AN AUTOGENERATED FILE. DO NOT EDIT THIS FILE DIRECTLY.
# yarn lockfile v1


aes-decrypter@1.0.3:
  version "1.0.3"
  resolved "https://registry.yarnpkg.com/aes-decrypter/-/aes-decrypter-1.0.3.tgz#9c06b8a5435a5ad09db933f8a014afcf184cc34e"
  dependencies:
    pkcs7 "^0.2.3"

amdefine@>=0.0.4:
  version "1.0.1"
  resolved "https://registry.yarnpkg.com/amdefine/-/amdefine-1.0.1.tgz#4a5282ac164729e93619bcfd3ad151f817ce91f5"

async@~0.2.6:
  version "0.2.10"
  resolved "https://registry.yarnpkg.com/async/-/async-0.2.10.tgz#b6bbe0b0674b9d719708ca38de8c237cb526c3d1"

babel-runtime@^6.9.2:
  version "6.23.0"
  resolved "https://registry.yarnpkg.com/babel-runtime/-/babel-runtime-6.23.0.tgz#0a9489f144de70efb3ce4300accdb329e2fc543b"
  dependencies:
    core-js "^2.4.0"
    regenerator-runtime "^0.10.0"

camelcase@^1.0.2:
  version "1.2.1"
  resolved "https://registry.yarnpkg.com/camelcase/-/camelcase-1.2.1.tgz#9bb5304d2e0b56698b2c758b08a3eaa9daa58a39"

core-js@^2.4.0:
  version "2.4.1"
  resolved "https://registry.yarnpkg.com/core-js/-/core-js-2.4.1.tgz#4de911e667b0eae9124e34254b53aea6fc618d3e"

decamelize@^1.0.0:
  version "1.2.0"
  resolved "https://registry.yarnpkg.com/decamelize/-/decamelize-1.2.0.tgz#f6534d15148269b20352e7bee26f501f9a191290"

dom-walk@^0.1.0:
  version "0.1.1"
  resolved "https://registry.yarnpkg.com/dom-walk/-/dom-walk-0.1.1.tgz#672226dc74c8f799ad35307df936aba11acd6018"

es5-shim@^4.5.1:
  version "4.5.9"
  resolved "https://registry.yarnpkg.com/es5-shim/-/es5-shim-4.5.9.tgz#2a1e2b9e583ff5fed0c20a3ee2cbf3f75230a5c0"

for-each@^0.3.2:
  version "0.3.2"
  resolved "https://registry.yarnpkg.com/for-each/-/for-each-0.3.2.tgz#2c40450b9348e97f281322593ba96704b9abd4d4"
  dependencies:
    is-function "~1.0.0"

global@4.3.0, global@^4.3.0, global@~4.3.0:
  version "4.3.0"
  resolved "https://registry.yarnpkg.com/global/-/global-4.3.0.tgz#ef7ec4beead579b454f5ebd5e7f303db54f42a2b"
  dependencies:
    min-document "^2.6.1"
    process "~0.5.1"

grunt-contrib-uglify@^0.2.7:
  version "0.2.7"
  resolved "https://registry.yarnpkg.com/grunt-contrib-uglify/-/grunt-contrib-uglify-0.2.7.tgz#e6bda51e0c40a1459f6cead423c65efd725a1bf7"
  dependencies:
    grunt-lib-contrib "~0.6.1"
    uglify-js "~2.4.0"

grunt-lib-contrib@~0.6.1:
  version "0.6.1"
  resolved "https://registry.yarnpkg.com/grunt-lib-contrib/-/grunt-lib-contrib-0.6.1.tgz#3f56adb7da06e814795ee2415b0ebe5fb8903ebb"
  dependencies:
    zlib-browserify "0.0.1"

individual@^2.0.0:
  version "2.0.0"
  resolved "https://registry.yarnpkg.com/individual/-/individual-2.0.0.tgz#833b097dad23294e76117a98fb38e0d9ad61bb97"

is-function@^1.0.1, is-function@~1.0.0:
  version "1.0.1"
  resolved "https://registry.yarnpkg.com/is-function/-/is-function-1.0.1.tgz#12cfb98b65b57dd3d193a3121f5f6e2f437602b5"

m3u8-parser@2.1.0:
  version "2.1.0"
  resolved "https://registry.yarnpkg.com/m3u8-parser/-/m3u8-parser-2.1.0.tgz#c8170329ec1cd515d0d58bb8b762da9896cb0368"

min-document@^2.6.1:
  version "2.19.0"
  resolved "https://registry.yarnpkg.com/min-document/-/min-document-2.19.0.tgz#7bd282e3f5842ed295bb748cdd9f1ffa2c824685"
  dependencies:
    dom-walk "^0.1.0"

mux.js@4.1.4:
  version "4.1.4"
  resolved "https://registry.yarnpkg.com/mux.js/-/mux.js-4.1.4.tgz#a14b5fe3c131f73572ecfb79d89b2964347a766c"

parse-headers@^2.0.0:
  version "2.0.1"
  resolved "https://registry.yarnpkg.com/parse-headers/-/parse-headers-2.0.1.tgz#6ae83a7aa25a9d9b700acc28698cd1f1ed7e9536"
  dependencies:
    for-each "^0.3.2"
    trim "0.0.1"

pkcs7@^0.2.3:
  version "0.2.3"
  resolved "https://registry.yarnpkg.com/pkcs7/-/pkcs7-0.2.3.tgz#22d60666d01065c5f24439098e4a4830452273be"

process@~0.5.1:
  version "0.5.2"
  resolved "https://registry.yarnpkg.com/process/-/process-0.5.2.tgz#1638d8a8e34c2f440a91db95ab9aeb677fc185cf"

regenerator-runtime@^0.10.0:
  version "0.10.5"
  resolved "https://registry.yarnpkg.com/regenerator-runtime/-/regenerator-runtime-0.10.5.tgz#336c3efc1220adcedda2c9fab67b5a7955a33658"

rust-result@^1.0.0:
  version "1.0.0"
  resolved "https://registry.yarnpkg.com/rust-result/-/rust-result-1.0.0.tgz#34c75b2e6dc39fe5875e5bdec85b5e0f91536f72"
  dependencies:
    individual "^2.0.0"

safe-json-parse@4.0.0:
  version "4.0.0"
  resolved "https://registry.yarnpkg.com/safe-json-parse/-/safe-json-parse-4.0.0.tgz#7c0f578cfccd12d33a71c0e05413e2eca171eaac"
  dependencies:
    rust-result "^1.0.0"

source-map@0.1.34:
  version "0.1.34"
  resolved "https://registry.yarnpkg.com/source-map/-/source-map-0.1.34.tgz#a7cfe89aec7b1682c3b198d0acfb47d7d090566b"
  dependencies:
    amdefine ">=0.0.4"

trim@0.0.1:
  version "0.0.1"
  resolved "https://registry.yarnpkg.com/trim/-/trim-0.0.1.tgz#5858547f6b290757ee95cccc666fb50084c460dd"

tsml@1.0.1:
  version "1.0.1"
  resolved "https://registry.yarnpkg.com/tsml/-/tsml-1.0.1.tgz#89f8218b9d9e257f47d7f6b56d01c5a4d2c68fc3"

uglify-js@~2.4.0:
  version "2.4.24"
  resolved "https://registry.yarnpkg.com/uglify-js/-/uglify-js-2.4.24.tgz#fad5755c1e1577658bb06ff9ab6e548c95bebd6e"
  dependencies:
    async "~0.2.6"
    source-map "0.1.34"
    uglify-to-browserify "~1.0.0"
    yargs "~3.5.4"

uglify-to-browserify@~1.0.0:
  version "1.0.2"
  resolved "https://registry.yarnpkg.com/uglify-to-browserify/-/uglify-to-browserify-1.0.2.tgz#6e0924d6bda6b5afe349e39a6d632850a0f882b7"

url-toolkit@1.0.9:
  version "1.0.9"
  resolved "https://registry.yarnpkg.com/url-toolkit/-/url-toolkit-1.0.9.tgz#6647c84f931c54e1e61fa3b33e10ad34161ed4d9"

video.js@^5.17.0, video.js@^5.19.1, video.js@^5.6.0:
  version "5.20.1"
  resolved "https://registry.yarnpkg.com/video.js/-/video.js-5.20.1.tgz#da57b1421cb904a0db27992ae62d9b4718e29451"
  dependencies:
    babel-runtime "^6.9.2"
    global "4.3.0"
    safe-json-parse "4.0.0"
    tsml "1.0.1"
    videojs-font "2.0.0"
    videojs-ie8 "1.1.2"
    videojs-swf "5.4.0"
    videojs-vtt.js "0.12.3"
    xhr "2.2.2"

videojs-contrib-hls@^5.5.3:
  version "5.5.3"
  resolved "https://registry.yarnpkg.com/videojs-contrib-hls/-/videojs-contrib-hls-5.5.3.tgz#30f150316e306cef9f1946b61426cf85dbb56ba8"
  dependencies:
    aes-decrypter "1.0.3"
    global "^4.3.0"
    m3u8-parser "2.1.0"
    mux.js "4.1.4"
    url-toolkit "1.0.9"
    video.js "^5.19.1"
    videojs-contrib-media-sources "4.4.5"
    webworkify "1.0.2"

videojs-contrib-media-sources@4.4.5:
  version "4.4.5"
  resolved "https://registry.yarnpkg.com/videojs-contrib-media-sources/-/videojs-contrib-media-sources-4.4.5.tgz#5c4f1bbd2c2c77a9090caaed9101a1c09603498f"
  dependencies:
    global "^4.3.0"
    mux.js "4.1.4"
    video.js "^5.17.0"
    webworkify "1.0.2"

videojs-font@2.0.0:
  version "2.0.0"
  resolved "https://registry.yarnpkg.com/videojs-font/-/videojs-font-2.0.0.tgz#af7461ef9d4b95e0334bffb78b2f2ff0364a9034"

videojs-ie8@1.1.2:
  version "1.1.2"
  resolved "https://registry.yarnpkg.com/videojs-ie8/-/videojs-ie8-1.1.2.tgz#a23d3d8608ad7192b69c6077fc4eb848998d35d9"
  dependencies:
    es5-shim "^4.5.1"

videojs-swf@5.4.0:
  version "5.4.0"
  resolved "https://registry.yarnpkg.com/videojs-swf/-/videojs-swf-5.4.0.tgz#dfe3d72026acdb83205eca43aab03373a0b80bb2"

videojs-vtt.js@0.12.3:
  version "0.12.3"
  resolved "https://registry.yarnpkg.com/videojs-vtt.js/-/videojs-vtt.js-0.12.3.tgz#5ec6606844544790a795e8e396e3f2ab3649a2d6"

videojs-youtube@^2.4.0:
  version "2.4.0"
  resolved "https://registry.yarnpkg.com/videojs-youtube/-/videojs-youtube-2.4.0.tgz#223d1106a8ea1970daacf7cfb556ee35a88aaf1e"
  dependencies:
    video.js "^5.6.0"

videojs@^1.0.0:
  version "1.0.0"
  resolved "https://registry.yarnpkg.com/videojs/-/videojs-1.0.0.tgz#503712e0b743b8f637c5422192692ac4a34b54be"
  dependencies:
    grunt-contrib-uglify "^0.2.7"

webworkify@1.0.2:
  version "1.0.2"
  resolved "https://registry.yarnpkg.com/webworkify/-/webworkify-1.0.2.tgz#b616a95a6225249bf25a91e96e0942c665155995"

window-size@0.1.0:
  version "0.1.0"
  resolved "https://registry.yarnpkg.com/window-size/-/window-size-0.1.0.tgz#5438cd2ea93b202efa3a19fe8887aee7c94f9c9d"

wordwrap@0.0.2:
  version "0.0.2"
  resolved "https://registry.yarnpkg.com/wordwrap/-/wordwrap-0.0.2.tgz#b79669bb42ecb409f83d583cad52ca17eaa1643f"

xhr@2.2.2:
  version "2.2.2"
  resolved "https://registry.yarnpkg.com/xhr/-/xhr-2.2.2.tgz#2ee72571869f8686d41559a9ea286c18971435ff"
  dependencies:
    global "~4.3.0"
    is-function "^1.0.1"
    parse-headers "^2.0.0"
    xtend "^4.0.0"

xtend@^4.0.0:
  version "4.0.1"
  resolved "https://registry.yarnpkg.com/xtend/-/xtend-4.0.1.tgz#a5c6d532be656e23db820efb943a1f04998d63af"

yargs@~3.5.4:
  version "3.5.4"
  resolved "https://registry.yarnpkg.com/yargs/-/yargs-3.5.4.tgz#d8aff8f665e94c34bd259bdebd1bfaf0ddd35361"
  dependencies:
    camelcase "^1.0.2"
    decamelize "^1.0.0"
    window-size "0.1.0"
    wordwrap "0.0.2"

zlib-browserify@0.0.1:
  version "0.0.1"
  resolved "https://registry.yarnpkg.com/zlib-browserify/-/zlib-browserify-0.0.1.tgz#4fa6a45d00dbc15f318a4afa1d9afc0258e176cc"
